
Microsoft Visual Studio Solution File, Format Version 12.00
# Visual Studio Version 16
VisualStudioVersion = 16.0.31313.79
MinimumVisualStudioVersion = 10.0.40219.1
Project("{FAE04EC0-301F-11D3-BF4B-00C04F79EFBC}") = "FaceRecognition111", "FaceRecognition111.csproj", "{F008ED43-9AD1-4B87-9896-A01BA03078C6}"
EndProject
Global
	GlobalSection(SolutionConfigurationPlatforms) = preSolution
		Debug|Any CPU = Debug|Any CPU
		Release|Any CPU = Release|Any CPU
	EndGlobalSection
	GlobalSection(ProjectConfigurationPlatforms) = postSolution
		{F008ED43-9AD1-4B87-9896-A01BA03078C6}.Debug|Any CPU.ActiveCfg = Debug|Any CPU
		{F008ED43-9AD1-4B87-9896-A01BA03078C6}.Debug|Any CPU.Build.0 = Debug|Any CPU
		{F008ED43-9AD1-4B87-9896-A01BA03078C6}.Release|Any CPU.ActiveCfg = Release|Any CPU
		{F008ED43-9AD1-4B87-9896-A01BA03078C6}.Release|Any CPU.Build.0 = Release|Any CPU
	EndGlobalSection
	GlobalSection(SolutionProperties) = preSolution
		HideSolutionNode = FALSE
	EndGlobalSection
	GlobalSection(ExtensibilityGlobals) = postSolution
		SolutionGuid = {51198ABF-FD32-48FF-8966-6F9E06C04465}
	EndGlobalSection
EndGlobal
